
Microsoft Visual Studio Solution File, Format Version 12.00
# Visual Studio Version 16
VisualStudioVersion = 16.0.30517.126
MinimumVisualStudioVersion = 10.0.40219.1
Project("{FAE04EC0-301F-11D3-BF4B-00C04F79EFBC}") = "ShopQuanAoSolution.WebApplication", "ShopQuanAoSolution.WebApplication\ShopQuanAoSolution.WebApplication.csproj", "{C5D728EE-2AAE-4ADF-BA3D-CA0BB604596A}"
EndProject
Global
	GlobalSection(SolutionConfigurationPlatforms) = preSolution
		Debug|Any CPU = Debug|Any CPU
		Release|Any CPU = Release|Any CPU
	EndGlobalSection
	GlobalSection(ProjectConfigurationPlatforms) = postSolution
		{C5D728EE-2AAE-4ADF-BA3D-CA0BB604596A}.Debug|Any CPU.ActiveCfg = Debug|Any CPU
		{C5D728EE-2AAE-4ADF-BA3D-CA0BB604596A}.Debug|Any CPU.Build.0 = Debug|Any CPU
		{C5D728EE-2AAE-4ADF-BA3D-CA0BB604596A}.Release|Any CPU.ActiveCfg = Release|Any CPU
		{C5D728EE-2AAE-4ADF-BA3D-CA0BB604596A}.Release|Any CPU.Build.0 = Release|Any CPU
	EndGlobalSection
	GlobalSection(SolutionProperties) = preSolution
		HideSolutionNode = FALSE
	EndGlobalSection
	GlobalSection(ExtensibilityGlobals) = postSolution
		SolutionGuid = {9662255C-B7AE-4E78-A1CE-FBB20570480A}
	EndGlobalSection
EndGlobal
